schema: '2.0'
stages:
  data_ingestion:
    cmd: python .\src\data\data_ingestion.py
    deps:
    - path: .\src\data\data_ingestion.py
      hash: md5
      md5: 12a6850b592c869df8a4114f31b4ab2f
      size: 3977
    params:
      params.yaml:
        data_ingestion.test_size: 0.1
    outs:
    - path: data\raw
      hash: md5
      md5: baa43b70a6a4c8dac10639c6b987a43a.dir
      size: 827973
      nfiles: 2
  data_preprocessing:
    cmd: python .\src\data\data_preprocessing.py
    deps:
    - path: .\data\raw
      hash: md5
      md5: baa43b70a6a4c8dac10639c6b987a43a.dir
      size: 827973
      nfiles: 2
    - path: .\src\data\data_preprocessing.py
      hash: md5
      md5: bdbd069f7946c6e6cb0c7ea20634ce96
      size: 6413
    outs:
    - path: data\interim
      hash: md5
      md5: 23cbda45d6fa586b48b67e11660b1c89.dir
      size: 566210
      nfiles: 2
  feature_engg:
    cmd: python .\src\features\feature_engineering.py
    deps:
    - path: .\data\interim
      hash: md5
      md5: 88ef4a4e21b93d47bc97c209998d667a.dir
      size: 566210
      nfiles: 2
    - path: .\src\features\feature_engineering.py
      hash: md5
      md5: 80bcde452dab8c7f751a7efa02f46a36
      size: 5046
    outs:
    - path: .\data\processed
      hash: md5
      md5: 54f12c75139d3b6af5525a6c44cef235.dir
      size: 1068816
      nfiles: 2
  model_building:
    cmd: python .\src\model\model_building.py
    deps:
    - path: .\data\processed
      hash: md5
      md5: 99cf4aa57e75f5e838e84d424fed3529.dir
      size: 2106516
      nfiles: 2
    - path: .\src\model\model_building.py
      hash: md5
      md5: 7f4960aba3c8a2cf881dd5c1f80b7ba6
      size: 2739
    params:
      params.yaml:
        model_building.learning_rate: 0.1
        model_building.n_estimators: 100
    outs:
    - path: .\models\model.pkl
      hash: md5
      md5: 6eb6cf31eb4da84e9f877cca42656521
      size: 136684
  model_evaluation:
    cmd: python .\src\model\model_evaluation.py
    deps:
    - path: .\data\processed\test_bow.csv
      hash: md5
      md5: 938ef6b129d2a9ea0ee67854b4f771ff
      size: 211011
    - path: .\models\model.pkl
      hash: md5
      md5: 6eb6cf31eb4da84e9f877cca42656521
      size: 136684
    - path: .\src\model\model_evaluation.py
      hash: md5
      md5: f60b1f39ce5690772345dd49f4b26725
      size: 3177
    outs:
    - path: .\reports\metrics.json
      hash: md5
      md5: b8c476604aa2172c0569831c2f48026f
      size: 145
  feature_engineering:
    cmd: python .\src\features\feature_engineering.py
    deps:
    - path: .\data\interim
      hash: md5
      md5: 23cbda45d6fa586b48b67e11660b1c89.dir
      size: 566210
      nfiles: 2
    - path: .\src\features\feature_engineering.py
      hash: md5
      md5: c88bdab4876cc8d27e1ed27e6c4a5467
      size: 5054
    params:
      params.yaml:
        feature_engineering.max_features: 100
    outs:
    - path: .\data\processed
      hash: md5
      md5: 99cf4aa57e75f5e838e84d424fed3529.dir
      size: 2106516
      nfiles: 2
